<Solution>
  <Project Path="Project65.Core/Project65.Core.csproj" />
  <Project Path="Project65.Infrastructure/Project65.Infrastructure.csproj" />
  <Project Path="Project65.Web/Project65.Web.csproj" />
  <Project Path="tests/Project65.UnitTests/Project65.UnitTests.csproj" />
  <Project Path="tests/Project65.E2ETests/Project65.E2ETests.csproj" />
</Solution>
